
Microsoft Visual Studio Solution File, Format Version 12.00
# Visual Studio Version 17
VisualStudioVersion = 17.14.36811.4 d17.14
MinimumVisualStudioVersion = 10.0.40219.1
Project("{FAE04EC0-301F-11D3-BF4B-00C04F79EFBC}") = "Taskify.Api", "Taskify.Api\Taskify.Api.csproj", "{43761579-9EEE-45C0-8DE5-BA31AB5CDC10}"
EndProject
Global
	GlobalSection(SolutionConfigurationPlatforms) = preSolution
		Debug|Any CPU = Debug|Any CPU
		Release|Any CPU = Release|Any CPU
	EndGlobalSection
	GlobalSection(ProjectConfigurationPlatforms) = postSolution
		{43761579-9EEE-45C0-8DE5-BA31AB5CDC10}.Debug|Any CPU.ActiveCfg = Debug|Any CPU
		{43761579-9EEE-45C0-8DE5-BA31AB5CDC10}.Debug|Any CPU.Build.0 = Debug|Any CPU
		{43761579-9EEE-45C0-8DE5-BA31AB5CDC10}.Release|Any CPU.ActiveCfg = Release|Any CPU
		{43761579-9EEE-45C0-8DE5-BA31AB5CDC10}.Release|Any CPU.Build.0 = Release|Any CPU
	EndGlobalSection
	GlobalSection(SolutionProperties) = preSolution
		HideSolutionNode = FALSE
	EndGlobalSection
	GlobalSection(ExtensibilityGlobals) = postSolution
		SolutionGuid = {B38DE6C2-E054-45F7-BBCD-B51B39F10DE8}
	EndGlobalSection
EndGlobal
