
Microsoft Visual Studio Solution File, Format Version 12.00
# Visual Studio Version 17
VisualStudioVersion = 17.13.35825.156 d17.13
MinimumVisualStudioVersion = 10.0.40219.1
Project("{FAE04EC0-301F-11D3-BF4B-00C04F79EFBC}") = "TaskifyAPI", "TaskifyAPI.csproj", "{4F564498-AA6A-FC1E-B8FA-B467ED688D58}"
EndProject
Project("{FAE04EC0-301F-11D3-BF4B-00C04F79EFBC}") = "TaskifyAPI.Tests", "..\TaskifyAPI.Tests\TaskifyAPI.Tests.csproj", "{F0B18785-87DC-4865-BF65-1829611EED53}"
EndProject
Global
	GlobalSection(SolutionConfigurationPlatforms) = preSolution
		Debug|Any CPU = Debug|Any CPU
		Release|Any CPU = Release|Any CPU
	EndGlobalSection
	GlobalSection(ProjectConfigurationPlatforms) = postSolution
		{4F564498-AA6A-FC1E-B8FA-B467ED688D58}.Debug|Any CPU.ActiveCfg = Debug|Any CPU
		{4F564498-AA6A-FC1E-B8FA-B467ED688D58}.Debug|Any CPU.Build.0 = Debug|Any CPU
		{4F564498-AA6A-FC1E-B8FA-B467ED688D58}.Release|Any CPU.ActiveCfg = Release|Any CPU
		{4F564498-AA6A-FC1E-B8FA-B467ED688D58}.Release|Any CPU.Build.0 = Release|Any CPU
		{F0B18785-87DC-4865-BF65-1829611EED53}.Debug|Any CPU.ActiveCfg = Debug|Any CPU
		{F0B18785-87DC-4865-BF65-1829611EED53}.Debug|Any CPU.Build.0 = Debug|Any CPU
		{F0B18785-87DC-4865-BF65-1829611EED53}.Release|Any CPU.ActiveCfg = Release|Any CPU
		{F0B18785-87DC-4865-BF65-1829611EED53}.Release|Any CPU.Build.0 = Release|Any CPU
	EndGlobalSection
	GlobalSection(SolutionProperties) = preSolution
		HideSolutionNode = FALSE
	EndGlobalSection
	GlobalSection(ExtensibilityGlobals) = postSolution
		SolutionGuid = {774A28ED-6E59-4916-AC57-684A3345E80A}
	EndGlobalSection
EndGlobal
